Microsoft Visual Studio Solution File, Format Version 11.00
# Visual Studio 2008

Project("{4B0EB544-9EAD-21EB-E1DF-D1C6C4BD7ECF}") = "labtest2", "Assembly-CSharp-firstpass.csproj", "{853F7DA6-0A9C-41E9-5BE5-4AEB85414130}"
EndProject
Project("{4B0EB544-9EAD-21EB-E1DF-D1C6C4BD7ECF}") = "labtest2", "Assembly-CSharp.csproj", "{CCE1DAC2-2C54-285F-3C9D-BB591D6AFB8D}"
EndProject
Project("{4B0EB544-9EAD-21EB-E1DF-D1C6C4BD7ECF}") = "labtest2", "Assembly-CSharp-Editor-firstpass.csproj", "{6B3BF875-6694-32FC-10ED-A89AF01CB4B9}"
EndProject
Project("{4B0EB544-9EAD-21EB-E1DF-D1C6C4BD7ECF}") = "labtest2", "Assembly-CSharp-Editor.csproj", "{196291AB-84B0-87F5-C9F3-479F2BC61654}"
EndProject
Global
	GlobalSection(SolutionConfigurationPlatforms) = preSolution
		Debug|Any CPU = Debug|Any CPU
		Release|Any CPU = Release|Any CPU
	EndGlobalSection
	GlobalSection(ProjectConfigurationPlatforms) = postSolution
		{853F7DA6-0A9C-41E9-5BE5-4AEB85414130}.Debug|Any CPU.ActiveCfg = Debug|Any CPU
		{853F7DA6-0A9C-41E9-5BE5-4AEB85414130}.Debug|Any CPU.Build.0 = Debug|Any CPU
		{853F7DA6-0A9C-41E9-5BE5-4AEB85414130}.Release|Any CPU.ActiveCfg = Release|Any CPU
		{853F7DA6-0A9C-41E9-5BE5-4AEB85414130}.Release|Any CPU.Build.0 = Release|Any CPU
		{CCE1DAC2-2C54-285F-3C9D-BB591D6AFB8D}.Debug|Any CPU.ActiveCfg = Debug|Any CPU
		{CCE1DAC2-2C54-285F-3C9D-BB591D6AFB8D}.Debug|Any CPU.Build.0 = Debug|Any CPU
		{CCE1DAC2-2C54-285F-3C9D-BB591D6AFB8D}.Release|Any CPU.ActiveCfg = Release|Any CPU
		{CCE1DAC2-2C54-285F-3C9D-BB591D6AFB8D}.Release|Any CPU.Build.0 = Release|Any CPU
		{6B3BF875-6694-32FC-10ED-A89AF01CB4B9}.Debug|Any CPU.ActiveCfg = Debug|Any CPU
		{6B3BF875-6694-32FC-10ED-A89AF01CB4B9}.Debug|Any CPU.Build.0 = Debug|Any CPU
		{6B3BF875-6694-32FC-10ED-A89AF01CB4B9}.Release|Any CPU.ActiveCfg = Release|Any CPU
		{6B3BF875-6694-32FC-10ED-A89AF01CB4B9}.Release|Any CPU.Build.0 = Release|Any CPU
		{196291AB-84B0-87F5-C9F3-479F2BC61654}.Debug|Any CPU.ActiveCfg = Debug|Any CPU
		{196291AB-84B0-87F5-C9F3-479F2BC61654}.Debug|Any CPU.Build.0 = Debug|Any CPU
		{196291AB-84B0-87F5-C9F3-479F2BC61654}.Release|Any CPU.ActiveCfg = Release|Any CPU
		{196291AB-84B0-87F5-C9F3-479F2BC61654}.Release|Any CPU.Build.0 = Release|Any CPU
	EndGlobalSection
	GlobalSection(SolutionProperties) = preSolution
		HideSolutionNode = FALSE
	EndGlobalSection
	GlobalSection(MonoDevelopProperties) = preSolution
		StartupItem = Assembly-CSharp.csproj
	EndGlobalSection
EndGlobal
